{
  "object": {
    "pins": [
      {
        "package": "Rainbow",
        "repositoryURL": "https://github.com/onevcat/Rainbow",
        "state": {
          "branch": null,
          "revision": "dfe579abc72347618e0ffde4faa36fa085c5f3bc",
          "version": "3.0.0"
        }
      }
    ]
  },
  "version": 1
}
